{
  "requires": true,
  "lockfileVersion": 1,
  "dependencies": {
    "ar-drone": {
      "version": "git://github.com/felixge/node-ar-drone.git#53e66221e6d7fc48fb2ccf8d9f11275e8d1e1092",
      "requires": {
        "buffy": "0.0.4",
        "simple-debug": "1.1.2"
      }
    },
    "buffy": {
      "version": "0.0.4",
      "resolved": "https://registry.npmjs.org/buffy/-/buffy-0.0.4.tgz",
      "integrity": "sha1-0ggQT72bR6h8uwH+Oy7y31QwDfg="
    },
    "simple-debug": {
      "version": "1.1.2",
      "resolved": "https://registry.npmjs.org/simple-debug/-/simple-debug-1.1.2.tgz",
      "integrity": "sha1-CTTh23WjNwaE96y2Y9FVtNRMxss="
    }
  }
}
